<Solution>
  <Project Path="InteractiveMap.Console/InteractiveMap.Console.csproj" Id="984c6f36-3251-447d-8775-46d29ced25bd" />
  <Project Path="Lab1/Lab1.csproj" Id="1a1b4dc3-38b8-4491-b870-73b9807d4ba1" />
  <Project Path="Lab2/Lab2.csproj" Id="df7512d1-af48-4ca1-b359-0df77476af90" />
  <Project Path="Lab3/Lab3.csproj" Id="10ef4fd4-aed4-48b1-8de5-e5bf5351df64" />
  <Project Path="Lab4/Lab4.csproj" Id="35029d7a-889a-48f4-93bc-6c838c282b25" />
  <Project Path="Lab5/Lab5.csproj" Id="15b86bae-0da7-463c-8ddb-b7637f63d913" />
  <Project Path="TestingDebugging.Tests/TestingDebugging.Tests.csproj" Id="5277bf52-5f3e-4ecd-acb3-b1f7213bfe93" />
</Solution>
